{
  "version": 4,
  "terraform_version": "1.0.11",
  "serial": 79,
  "lineage": "84c80061-f7b8-5443-090c-b641f54447c4",
  "outputs": {},
  "resources": [
    {
      "mode": "managed",
      "type": "aws_eip",
      "name": "nateIP",
      "provider": "provider[\"registry.terraform.io/hashicorp/aws\"]",
      "instances": [
        {
          "schema_version": 0,
          "attributes": {
            "address": null,
            "allocation_id": "eipalloc-09db7e24340d5be50",
            "associate_with_private_ip": null,
            "association_id": "eipassoc-00554759e0cd4b818",
            "carrier_ip": "",
            "customer_owned_ip": "",
            "customer_owned_ipv4_pool": "",
            "domain": "vpc",
            "id": "eipalloc-09db7e24340d5be50",
            "instance": "",
            "network_border_group": "ap-south-1",
            "network_interface": "eni-0b5ac31c133426b9b",
            "private_dns": "ip-10-0-0-225.ap-south-1.compute.internal",
            "private_ip": "10.0.0.225",
            "public_dns": "ec2-3-111-240-203.ap-south-1.compute.amazonaws.com",
            "public_ip": "3.111.240.203",
            "public_ipv4_pool": "amazon",
            "tags": {},
            "tags_all": {},
            "timeouts": null,
            "vpc": true
          },
          "sensitive_attributes": [],
          "private": "eyJlMmJmYjczMC1lY2FhLTExZTYtOGY4OC0zNDM2M2JjN2M0YzAiOnsiZGVsZXRlIjoxODAwMDAwMDAwMDAsInJlYWQiOjkwMDAwMDAwMDAwMCwidXBkYXRlIjozMDAwMDAwMDAwMDB9fQ==",
          "dependencies": [
            "aws_internet_gateway.gw",
            "aws_vpc.custom-vpc"
          ]
        }
      ]
    },
    {
      "mode": "managed",
      "type": "aws_instance",
      "name": "private-instance",
      "provider": "provider[\"registry.terraform.io/hashicorp/aws\"]",
      "instances": [
        {
          "schema_version": 1,
          "attributes": {
            "ami": "ami-04893cdb768d0f9ee",
            "arn": "arn:aws:ec2:ap-south-1:811614282948:instance/i-03239aa9c8d930ca7",
            "associate_public_ip_address": false,
            "availability_zone": "ap-south-1b",
            "capacity_reservation_specification": [
              {
                "capacity_reservation_preference": "open",
                "capacity_reservation_target": []
              }
            ],
            "cpu_core_count": 1,
            "cpu_threads_per_core": 1,
            "credit_specification": [
              {
                "cpu_credits": "standard"
              }
            ],
            "disable_api_termination": false,
            "ebs_block_device": [],
            "ebs_optimized": false,
            "enclave_options": [
              {
                "enabled": false
              }
            ],
            "ephemeral_block_device": [],
            "get_password_data": false,
            "hibernation": false,
            "host_id": null,
            "iam_instance_profile": "",
            "id": "i-03239aa9c8d930ca7",
            "instance_initiated_shutdown_behavior": "stop",
            "instance_state": "running",
            "instance_type": "t2.micro",
            "ipv6_address_count": 0,
            "ipv6_addresses": [],
            "key_name": "my-terraform-key",
            "launch_template": [],
            "metadata_options": [
              {
                "http_endpoint": "enabled",
                "http_put_response_hop_limit": 1,
                "http_tokens": "optional",
                "instance_metadata_tags": "disabled"
              }
            ],
            "monitoring": false,
            "network_interface": [],
            "outpost_arn": "",
            "password_data": "",
            "placement_group": "",
            "placement_partition_number": null,
            "primary_network_interface_id": "eni-07e2a8957e1d6af12",
            "private_dns": "ip-10-0-1-163.ap-south-1.compute.internal",
            "private_ip": "10.0.1.163",
            "public_dns": "",
            "public_ip": "",
            "root_block_device": [
              {
                "delete_on_termination": true,
                "device_name": "/dev/xvda",
                "encrypted": false,
                "iops": 100,
                "kms_key_id": "",
                "tags": {},
                "throughput": 0,
                "volume_id": "vol-0ef7dfb5f2b4ff893",
                "volume_size": 8,
                "volume_type": "gp2"
              }
            ],
            "secondary_private_ips": [],
            "security_groups": [],
            "source_dest_check": true,
            "subnet_id": "subnet-07b9f436d98416fe9",
            "tags": {
              "Name": "terraform vm private"
            },
            "tags_all": {
              "Name": "terraform vm private"
            },
            "tenancy": "default",
            "timeouts": null,
            "user_data": null,
            "user_data_base64": null,
            "volume_tags": null,
            "vpc_security_group_ids": [
              "sg-0a59a8a044816014e"
            ]
          },
          "sensitive_attributes": [],
          "private": "eyJlMmJmYjczMC1lY2FhLTExZTYtOGY4OC0zNDM2M2JjN2M0YzAiOnsiY3JlYXRlIjo2MDAwMDAwMDAwMDAsImRlbGV0ZSI6MTIwMDAwMDAwMDAwMCwidXBkYXRlIjo2MDAwMDAwMDAwMDB9LCJzY2hlbWFfdmVyc2lvbiI6IjEifQ==",
          "dependencies": [
            "aws_key_pair.kp",
            "aws_security_group.security-group",
            "aws_subnet.private-subnet",
            "aws_vpc.custom-vpc",
            "tls_private_key.pk"
          ]
        }
      ]
    },
    {
      "mode": "managed",
      "type": "aws_instance",
      "name": "public-instance",
      "provider": "provider[\"registry.terraform.io/hashicorp/aws\"]",
      "instances": [
        {
          "schema_version": 1,
          "attributes": {
            "ami": "ami-04893cdb768d0f9ee",
            "arn": "arn:aws:ec2:ap-south-1:811614282948:instance/i-05707c7a8b7b13f45",
            "associate_public_ip_address": true,
            "availability_zone": "ap-south-1a",
            "capacity_reservation_specification": [
              {
                "capacity_reservation_preference": "open",
                "capacity_reservation_target": []
              }
            ],
            "cpu_core_count": 1,
            "cpu_threads_per_core": 1,
            "credit_specification": [
              {
                "cpu_credits": "standard"
              }
            ],
            "disable_api_termination": false,
            "ebs_block_device": [],
            "ebs_optimized": false,
            "enclave_options": [
              {
                "enabled": false
              }
            ],
            "ephemeral_block_device": [],
            "get_password_data": false,
            "hibernation": false,
            "host_id": null,
            "iam_instance_profile": "",
            "id": "i-05707c7a8b7b13f45",
            "instance_initiated_shutdown_behavior": "stop",
            "instance_state": "running",
            "instance_type": "t2.micro",
            "ipv6_address_count": 0,
            "ipv6_addresses": [],
            "key_name": "my-terraform-key",
            "launch_template": [],
            "metadata_options": [
              {
                "http_endpoint": "enabled",
                "http_put_response_hop_limit": 1,
                "http_tokens": "optional",
                "instance_metadata_tags": "disabled"
              }
            ],
            "monitoring": false,
            "network_interface": [],
            "outpost_arn": "",
            "password_data": "",
            "placement_group": "",
            "placement_partition_number": null,
            "primary_network_interface_id": "eni-0e91560442f977861",
            "private_dns": "ip-10-0-0-253.ap-south-1.compute.internal",
            "private_ip": "10.0.0.253",
            "public_dns": "",
            "public_ip": "13.233.179.59",
            "root_block_device": [
              {
                "delete_on_termination": true,
                "device_name": "/dev/xvda",
                "encrypted": false,
                "iops": 100,
                "kms_key_id": "",
                "tags": {},
                "throughput": 0,
                "volume_id": "vol-02b7b61e5e72de4de",
                "volume_size": 8,
                "volume_type": "gp2"
              }
            ],
            "secondary_private_ips": [],
            "security_groups": [],
            "source_dest_check": true,
            "subnet_id": "subnet-0264b1827718334d1",
            "tags": {
              "Name": "terraform vm public"
            },
            "tags_all": {
              "Name": "terraform vm public"
            },
            "tenancy": "default",
            "timeouts": null,
            "user_data": null,
            "user_data_base64": null,
            "volume_tags": null,
            "vpc_security_group_ids": [
              "sg-0a59a8a044816014e"
            ]
          },
          "sensitive_attributes": [],
          "private": "eyJlMmJmYjczMC1lY2FhLTExZTYtOGY4OC0zNDM2M2JjN2M0YzAiOnsiY3JlYXRlIjo2MDAwMDAwMDAwMDAsImRlbGV0ZSI6MTIwMDAwMDAwMDAwMCwidXBkYXRlIjo2MDAwMDAwMDAwMDB9LCJzY2hlbWFfdmVyc2lvbiI6IjEifQ==",
          "dependencies": [
            "tls_private_key.pk",
            "aws_key_pair.kp",
            "aws_security_group.security-group",
            "aws_subnet.public-subnet",
            "aws_vpc.custom-vpc"
          ]
        }
      ]
    },
    {
      "mode": "managed",
      "type": "aws_internet_gateway",
      "name": "gw",
      "provider": "provider[\"registry.terraform.io/hashicorp/aws\"]",
      "instances": [
        {
          "schema_version": 0,
          "attributes": {
            "arn": "arn:aws:ec2:ap-south-1:811614282948:internet-gateway/igw-059c72f0be10d7ed1",
            "id": "igw-059c72f0be10d7ed1",
            "owner_id": "811614282948",
            "tags": {
              "Name": "my-gatewy"
            },
            "tags_all": {
              "Name": "my-gatewy"
            },
            "vpc_id": "vpc-0859e92d4e67823c8"
          },
          "sensitive_attributes": [],
          "private": "bnVsbA==",
          "dependencies": [
            "aws_vpc.custom-vpc"
          ]
        }
      ]
    },
    {
      "mode": "managed",
      "type": "aws_key_pair",
      "name": "kp",
      "provider": "provider[\"registry.terraform.io/hashicorp/aws\"]",
      "instances": [
        {
          "schema_version": 1,
          "attributes": {
            "arn": "arn:aws:ec2:ap-south-1:811614282948:key-pair/my-terraform-key",
            "fingerprint": "37:1b:c7:4c:a6:7e:7b:be:4b:93:9f:9e:75:34:c4:2a",
            "id": "my-terraform-key",
            "key_name": "my-terraform-key",
            "key_name_prefix": "",
            "key_pair_id": "key-0af9e9edf8844d48c",
            "public_key": "ssh-rsa AAAAB3NzaC1yc2EAAAADAQABAAACAQDNbXbXDkPKrLaZcvMRMAH7pC7MmTEKpUfMqraJhGF6Rn2s0uUhS1gT+NiyhvCQaxeDbBH5acSqb/jWPK/K7ht9JEa59gqksdyHYTJCyCIKoX+3ju21f770eFVV2VxuNeVAnINxJv5cLTiRhulYse8CAdnyWZizLWoqFodAbdc+TY/x/Y8P5SltIYAxWp2znYKqH0aiunLribnzNZpK65/jYuZqiOtxpYnsDpaGZ0XB04gsqzXgqFCJ8UBBqGUxLktKJbouVYIi7S/+4tfkHYeuZPTKvIvxjX01mDVJrAc+s023wOAbdx0ce5+nKmIP2PGDm1GsT9jfi5H7tdkoC1p6BJ/uvc46zvw2D6PhN0mkYWd1nVdT+2DbGDzJSpjn5rej/zaGnvsdT9X1Ced4CdSb6SyazxQSgG2wc0fXfuj+Rpij+qBqAnhUaV5ZLdVzpSqSu1OB5i2EC9u1LJGd/pih9JNuvHq+tGsvJxkahPVr0wW8bkOiO4m4UjlOJxFZx5Z2bByxuZ+B7J4aEFZ2ksXg/e5ZB3P3e8rA+vvTszFLC58NOkE1cXed3zRCVlKDbhLLYizW4esCSxObUw6wx10ElwBqXJI916RHD3QG6jNmLN1pyvMcPV8WPDZ02OSb+QrPjmPP0swn9AS7vYBZm+mVdndTDdy5HUf5fa6wSi6elw==",
            "tags": {},
            "tags_all": {}
          },
          "sensitive_attributes": [],
          "private": "eyJzY2hlbWFfdmVyc2lvbiI6IjEifQ==",
          "dependencies": [
            "tls_private_key.pk"
          ]
        }
      ]
    },
    {
      "mode": "managed",
      "type": "aws_nat_gateway",
      "name": "nat-gw",
      "provider": "provider[\"registry.terraform.io/hashicorp/aws\"]",
      "instances": [
        {
          "schema_version": 0,
          "attributes": {
            "allocation_id": "eipalloc-09db7e24340d5be50",
            "connectivity_type": "public",
            "id": "nat-0235326523751c665",
            "network_interface_id": "eni-0b5ac31c133426b9b",
            "private_ip": "10.0.0.225",
            "public_ip": "3.111.240.203",
            "subnet_id": "subnet-0264b1827718334d1",
            "tags": {
              "Name": "gw NAT"
            },
            "tags_all": {
              "Name": "gw NAT"
            }
          },
          "sensitive_attributes": [],
          "private": "bnVsbA==",
          "dependencies": [
            "aws_eip.nateIP",
            "aws_internet_gateway.gw",
            "aws_subnet.public-subnet",
            "aws_vpc.custom-vpc"
          ]
        }
      ]
    },
    {
      "mode": "managed",
      "type": "aws_route_table",
      "name": "private-route-table",
      "provider": "provider[\"registry.terraform.io/hashicorp/aws\"]",
      "instances": [
        {
          "schema_version": 0,
          "attributes": {
            "arn": "arn:aws:ec2:ap-south-1:811614282948:route-table/rtb-0a0b028aa10b69f72",
            "id": "rtb-0a0b028aa10b69f72",
            "owner_id": "811614282948",
            "propagating_vgws": [],
            "route": [
              {
                "carrier_gateway_id": "",
                "cidr_block": "0.0.0.0/0",
                "destination_prefix_list_id": "",
                "egress_only_gateway_id": "",
                "gateway_id": "nat-0235326523751c665",
                "instance_id": "",
                "ipv6_cidr_block": "",
                "local_gateway_id": "",
                "nat_gateway_id": "",
                "network_interface_id": "",
                "transit_gateway_id": "",
                "vpc_endpoint_id": "",
                "vpc_peering_connection_id": ""
              }
            ],
            "tags": {
              "Name": "my-private-route-table"
            },
            "tags_all": {
              "Name": "my-private-route-table"
            },
            "timeouts": null,
            "vpc_id": "vpc-0859e92d4e67823c8"
          },
          "sensitive_attributes": [],
          "private": "eyJlMmJmYjczMC1lY2FhLTExZTYtOGY4OC0zNDM2M2JjN2M0YzAiOnsiY3JlYXRlIjozMDAwMDAwMDAwMDAsImRlbGV0ZSI6MzAwMDAwMDAwMDAwLCJ1cGRhdGUiOjEyMDAwMDAwMDAwMH19",
          "dependencies": [
            "aws_nat_gateway.nat-gw",
            "aws_vpc.custom-vpc"
          ]
        }
      ]
    },
    {
      "mode": "managed",
      "type": "aws_route_table",
      "name": "public-route-table",
      "provider": "provider[\"registry.terraform.io/hashicorp/aws\"]",
      "instances": [
        {
          "schema_version": 0,
          "attributes": {
            "arn": "arn:aws:ec2:ap-south-1:811614282948:route-table/rtb-0e4c143fad1b14ef7",
            "id": "rtb-0e4c143fad1b14ef7",
            "owner_id": "811614282948",
            "propagating_vgws": [],
            "route": [
              {
                "carrier_gateway_id": "",
                "cidr_block": "0.0.0.0/0",
                "destination_prefix_list_id": "",
                "egress_only_gateway_id": "",
                "gateway_id": "igw-059c72f0be10d7ed1",
                "instance_id": "",
                "ipv6_cidr_block": "",
                "local_gateway_id": "",
                "nat_gateway_id": "",
                "network_interface_id": "",
                "transit_gateway_id": "",
                "vpc_endpoint_id": "",
                "vpc_peering_connection_id": ""
              }
            ],
            "tags": {
              "Name": "my-public-route-table"
            },
            "tags_all": {
              "Name": "my-public-route-table"
            },
            "timeouts": null,
            "vpc_id": "vpc-0859e92d4e67823c8"
          },
          "sensitive_attributes": [],
          "private": "eyJlMmJmYjczMC1lY2FhLTExZTYtOGY4OC0zNDM2M2JjN2M0YzAiOnsiY3JlYXRlIjozMDAwMDAwMDAwMDAsImRlbGV0ZSI6MzAwMDAwMDAwMDAwLCJ1cGRhdGUiOjEyMDAwMDAwMDAwMH19",
          "dependencies": [
            "aws_internet_gateway.gw",
            "aws_vpc.custom-vpc"
          ]
        }
      ]
    },
    {
      "mode": "managed",
      "type": "aws_route_table_association",
      "name": "a",
      "provider": "provider[\"registry.terraform.io/hashicorp/aws\"]",
      "instances": [
        {
          "schema_version": 0,
          "attributes": {
            "gateway_id": "",
            "id": "rtbassoc-0d303ba975c5e78bc",
            "route_table_id": "rtb-0e4c143fad1b14ef7",
            "subnet_id": "subnet-0264b1827718334d1"
          },
          "sensitive_attributes": [],
          "private": "bnVsbA==",
          "dependencies": [
            "aws_route_table.public-route-table",
            "aws_subnet.public-subnet",
            "aws_vpc.custom-vpc",
            "aws_internet_gateway.gw"
          ]
        }
      ]
    },
    {
      "mode": "managed",
      "type": "aws_route_table_association",
      "name": "b",
      "provider": "provider[\"registry.terraform.io/hashicorp/aws\"]",
      "instances": [
        {
          "schema_version": 0,
          "attributes": {
            "gateway_id": "",
            "id": "rtbassoc-0193f4d36179bc3cc",
            "route_table_id": "rtb-0a0b028aa10b69f72",
            "subnet_id": "subnet-07b9f436d98416fe9"
          },
          "sensitive_attributes": [],
          "private": "bnVsbA==",
          "dependencies": [
            "aws_eip.nateIP",
            "aws_internet_gateway.gw",
            "aws_nat_gateway.nat-gw",
            "aws_route_table.private-route-table",
            "aws_subnet.private-subnet",
            "aws_subnet.public-subnet",
            "aws_vpc.custom-vpc"
          ]
        }
      ]
    },
    {
      "mode": "managed",
      "type": "aws_security_group",
      "name": "security-group",
      "provider": "provider[\"registry.terraform.io/hashicorp/aws\"]",
      "instances": [
        {
          "schema_version": 1,
          "attributes": {
            "arn": "arn:aws:ec2:ap-south-1:811614282948:security-group/sg-0a59a8a044816014e",
            "description": "Allow TLS inbound traffic",
            "egress": [
              {
                "cidr_blocks": [
                  "0.0.0.0/0"
                ],
                "description": "",
                "from_port": 0,
                "ipv6_cidr_blocks": [
                  "::/0"
                ],
                "prefix_list_ids": [],
                "protocol": "-1",
                "security_groups": [],
                "self": false,
                "to_port": 0
              }
            ],
            "id": "sg-0a59a8a044816014e",
            "ingress": [
              {
                "cidr_blocks": [
                  "0.0.0.0/0"
                ],
                "description": "HTTP",
                "from_port": 80,
                "ipv6_cidr_blocks": [
                  "::/0"
                ],
                "prefix_list_ids": [],
                "protocol": "tcp",
                "security_groups": [],
                "self": false,
                "to_port": 80
              },
              {
                "cidr_blocks": [
                  "0.0.0.0/0"
                ],
                "description": "HTTPS",
                "from_port": 443,
                "ipv6_cidr_blocks": [
                  "::/0"
                ],
                "prefix_list_ids": [],
                "protocol": "tcp",
                "security_groups": [],
                "self": false,
                "to_port": 443
              },
              {
                "cidr_blocks": [
                  "0.0.0.0/0"
                ],
                "description": "SSH",
                "from_port": 22,
                "ipv6_cidr_blocks": [
                  "::/0"
                ],
                "prefix_list_ids": [],
                "protocol": "tcp",
                "security_groups": [],
                "self": false,
                "to_port": 22
              }
            ],
            "name": "allow_tls",
            "name_prefix": "",
            "owner_id": "811614282948",
            "revoke_rules_on_delete": false,
            "tags": {
              "Name": "my-custom-security-group"
            },
            "tags_all": {
              "Name": "my-custom-security-group"
            },
            "timeouts": null,
            "vpc_id": "vpc-0859e92d4e67823c8"
          },
          "sensitive_attributes": [],
          "private": "eyJlMmJmYjczMC1lY2FhLTExZTYtOGY4OC0zNDM2M2JjN2M0YzAiOnsiY3JlYXRlIjo2MDAwMDAwMDAwMDAsImRlbGV0ZSI6OTAwMDAwMDAwMDAwfSwic2NoZW1hX3ZlcnNpb24iOiIxIn0=",
          "dependencies": [
            "aws_vpc.custom-vpc"
          ]
        }
      ]
    },
    {
      "mode": "managed",
      "type": "aws_subnet",
      "name": "private-subnet",
      "provider": "provider[\"registry.terraform.io/hashicorp/aws\"]",
      "instances": [
        {
          "schema_version": 1,
          "attributes": {
            "arn": "arn:aws:ec2:ap-south-1:811614282948:subnet/subnet-07b9f436d98416fe9",
            "assign_ipv6_address_on_creation": false,
            "availability_zone": "ap-south-1b",
            "availability_zone_id": "aps1-az3",
            "cidr_block": "10.0.1.0/24",
            "customer_owned_ipv4_pool": "",
            "enable_dns64": false,
            "enable_resource_name_dns_a_record_on_launch": false,
            "enable_resource_name_dns_aaaa_record_on_launch": false,
            "id": "subnet-07b9f436d98416fe9",
            "ipv6_cidr_block": "",
            "ipv6_cidr_block_association_id": "",
            "ipv6_native": false,
            "map_customer_owned_ip_on_launch": false,
            "map_public_ip_on_launch": false,
            "outpost_arn": "",
            "owner_id": "811614282948",
            "private_dns_hostname_type_on_launch": "ip-name",
            "tags": {
              "Name": "my-private-subnet"
            },
            "tags_all": {
              "Name": "my-private-subnet"
            },
            "timeouts": null,
            "vpc_id": "vpc-0859e92d4e67823c8"
          },
          "sensitive_attributes": [],
          "private": "eyJlMmJmYjczMC1lY2FhLTExZTYtOGY4OC0zNDM2M2JjN2M0YzAiOnsiY3JlYXRlIjo2MDAwMDAwMDAwMDAsImRlbGV0ZSI6MTIwMDAwMDAwMDAwMH0sInNjaGVtYV92ZXJzaW9uIjoiMSJ9",
          "dependencies": [
            "aws_vpc.custom-vpc"
          ]
        }
      ]
    },
    {
      "mode": "managed",
      "type": "aws_subnet",
      "name": "public-subnet",
      "provider": "provider[\"registry.terraform.io/hashicorp/aws\"]",
      "instances": [
        {
          "schema_version": 1,
          "attributes": {
            "arn": "arn:aws:ec2:ap-south-1:811614282948:subnet/subnet-0264b1827718334d1",
            "assign_ipv6_address_on_creation": false,
            "availability_zone": "ap-south-1a",
            "availability_zone_id": "aps1-az1",
            "cidr_block": "10.0.0.0/24",
            "customer_owned_ipv4_pool": "",
            "enable_dns64": false,
            "enable_resource_name_dns_a_record_on_launch": false,
            "enable_resource_name_dns_aaaa_record_on_launch": false,
            "id": "subnet-0264b1827718334d1",
            "ipv6_cidr_block": "",
            "ipv6_cidr_block_association_id": "",
            "ipv6_native": false,
            "map_customer_owned_ip_on_launch": false,
            "map_public_ip_on_launch": false,
            "outpost_arn": "",
            "owner_id": "811614282948",
            "private_dns_hostname_type_on_launch": "ip-name",
            "tags": {
              "Name": "my-public-subnet"
            },
            "tags_all": {
              "Name": "my-public-subnet"
            },
            "timeouts": null,
            "vpc_id": "vpc-0859e92d4e67823c8"
          },
          "sensitive_attributes": [],
          "private": "eyJlMmJmYjczMC1lY2FhLTExZTYtOGY4OC0zNDM2M2JjN2M0YzAiOnsiY3JlYXRlIjo2MDAwMDAwMDAwMDAsImRlbGV0ZSI6MTIwMDAwMDAwMDAwMH0sInNjaGVtYV92ZXJzaW9uIjoiMSJ9",
          "dependencies": [
            "aws_vpc.custom-vpc"
          ]
        }
      ]
    },
    {
      "mode": "managed",
      "type": "aws_vpc",
      "name": "custom-vpc",
      "provider": "provider[\"registry.terraform.io/hashicorp/aws\"]",
      "instances": [
        {
          "schema_version": 1,
          "attributes": {
            "arn": "arn:aws:ec2:ap-south-1:811614282948:vpc/vpc-0859e92d4e67823c8",
            "assign_generated_ipv6_cidr_block": false,
            "cidr_block": "10.0.0.0/16",
            "default_network_acl_id": "acl-06d7056307588ea21",
            "default_route_table_id": "rtb-028dab97d878d228c",
            "default_security_group_id": "sg-073a986c6ff20c382",
            "dhcp_options_id": "dopt-048b861bb7432e10c",
            "enable_classiclink": false,
            "enable_classiclink_dns_support": false,
            "enable_dns_hostnames": false,
            "enable_dns_support": true,
            "id": "vpc-0859e92d4e67823c8",
            "instance_tenancy": "default",
            "ipv4_ipam_pool_id": null,
            "ipv4_netmask_length": null,
            "ipv6_association_id": "",
            "ipv6_cidr_block": "",
            "ipv6_cidr_block_network_border_group": "",
            "ipv6_ipam_pool_id": "",
            "ipv6_netmask_length": 0,
            "main_route_table_id": "rtb-028dab97d878d228c",
            "owner_id": "811614282948",
            "tags": {
              "Name": "my-custom-vpc"
            },
            "tags_all": {
              "Name": "my-custom-vpc"
            }
          },
          "sensitive_attributes": [],
          "private": "eyJzY2hlbWFfdmVyc2lvbiI6IjEifQ=="
        }
      ]
    },
    {
      "mode": "managed",
      "type": "tls_private_key",
      "name": "pk",
      "provider": "provider[\"registry.terraform.io/hashicorp/tls\"]",
      "instances": [
        {
          "schema_version": 0,
          "attributes": {
            "algorithm": "RSA",
            "ecdsa_curve": "P224",
            "id": "333035596cc50a8c54a3e1f08f78f543fb671c8c",
            "private_key_pem": "-----BEGIN RSA PRIVATE KEY-----\nMIIJKAIBAAKCAgEAzW121w5Dyqy2mXLzETAB+6QuzJkxCqVHzKq2iYRhekZ9rNLl\nIUtYE/jYsobwkGsXg2wR+WnEqm/41jyvyu4bfSRGufYKpLHch2EyQsgiCqF/t47t\ntX++9HhVVdlcbjXlQJyDcSb+XC04kYbpWLHvAgHZ8lmYsy1qKhaHQG3XPk2P8f2P\nD+UpbSGAMVqds52Cqh9Gorpy64m58zWaSuuf42LmaojrcaWJ7A6WhmdFwdOILKs1\n4KhQifFAQahlMS5LSiW6LlWCIu0v/uLX5B2HrmT0yryL8Y19NZg1SawHPrNNt8Dg\nG3cdHHufpypiD9jxg5tRrE/Y34uR+7XZKAtaegSf7r3OOs78Ng+j4TdJpGFndZ1X\nU/tg2xg8yUqY5+a3o/82hp77HU/V9QnneAnUm+ksms8UEoBtsHNH137o/kaYo/qg\nagJ4VGleWS3Vc6UqkrtTgeYthAvbtSyRnf6YofSTbrx6vrRrLycZGoT1a9MFvG5D\nojuJuFI5TicRWceWdmwcsbmfgeyeGhBWdpLF4P3uWQdz93vKwPr707MxSwufDTpB\nNXF3nd80QlZSg24Sy2Is1uHrAksTm1MOsMddBJcAalySPdekRw90BuozZizdacrz\nHD1fFjw2dNjkm/kKz45jz9LMJ/QEu72AWZvplXZ3Uw3cuR1H+X2usEounpcCAwEA\nAQKCAgAfxLjnIx6avkDy1BMA6nK0DrzqCRrLcan73b6i36UPes0+p9KlZnh1hjtE\nyJd1Tgpx2YmiD5hJX02VHAd3k4EOxkhlw8X7mEHpcb+LElYpXLZalbDvK5VFS0Kv\nJxEjPhR4/HtbSVN2v8uKvdliTQoQPmcNEowJ0ZEkdx1tek8aJHaJTtQL+j2A0fh4\nKXJP76DgXDvZOIpDIKZwFS8KPQwZ5xaJDSmUBqygo9Tlbh0cj3D0r3mCh6UE4Bk2\nzirwAx/DlLgJKFIawqF0gnIupd5wus4ceDIQJfhiDGrZPNBWAvaW3y4JMU+AMyIK\ngQRvPPaEisWDp0l7sKLf0UyG49KW2w6oiDbT0UYl7FujquGDnReZNVMuPOuh5hNZ\nEiw9GqN+ao3fSpzSldxONDp6SJDXZc57MxYQrtumrKCKmjzUAUf5RggVoB4ydfHm\nfEVGADk0A/I4duSRNXdLkcfWTdX4gh8k407cCdzr731/KLk1VP3sTD+ihJoY2kDb\nswOAWeQF4dhO0lZhfFE6XXsJnvm51RixhRNG4mlFZ+AXFlAwZTS2pdNRzI0npq4v\nwTxikgxlptv2Ia6BQuzAd8xKDDcqlJXpEiM5KB9LMsFSSkm20Shv+hm+iAbkgiGW\nr2jibSE64YNrEttNZ5BrH5B6pvXW2UEYP87s7To0+tIUlDyJgQKCAQEA2Wy7wzAn\nfwlWmHR3ceVcibqUEwy8bSkui3B48IKHoo1KfuTWL0eD3WyeUqpRPj7rSIBrp9RB\n5yxcFLp0+FuiJI/+y83XPY9b2b+DP2CwNc5ZrT3VNiknB8FqQ9kyYHU/q3pvAX3w\n7ZhTig39/iw9mUoifoQVBQYkxVldKfsBLB1hAMj98pkAFHsMcRJYs+LWN5ltGyAT\nOz0p1kcAkGtp8/VD+7BSVEY2I6hXFWWajQt0+tNrtA0MFFk2l465KbYiJvP6iTAX\no0ewxe/Q2QSm2FsMczEHBgH0p8a2UtHU/wX8LB6ikwV+9kotXYNgJGl/gR4PoCB8\n0JOvZ0tlWKgLwQKCAQEA8d/UXKnyRV22qNSH12WU5HN1r6o1WJIUn9zHb1kAlpiA\ns7bBHstJj4mxonvoQLuayZhhh9u4H+cKWnrqLAnODFyxdWmUjrVtjqBQqSBQ0oWd\nyL4kSTzDngSx/ThuTa5tEZzGYY1AVU+KmPDGcDHtohi5VEFp/vQx3WhkRiGaOGXR\nGNOFb6Y/5pEqTGgITJP2BC2AgKDhz1abLl42azV0pUMwD2iB66++4V0G+jJaAM4o\noL9dPsZFMBWrayHBS9Ujj8loeWDNllR4h+SfqNzhW3L0BkEepMZsJNCEH/zBa1bk\nVtIBkcHatEevpDkI8ID5g69B8NmxuZEzDPCBeDqgVwKCAQBYBoqaApPq/bfeb0Cw\njwCBDlXGxKBAvayHbZi5Hs+VAwkHCNSiPZzod4I9y5Cq18RgDQYI44lu82mwRrD2\nn/qsPNQWZRbgaHryVHPpo9aTYiCyX9dDXzPbEvZX08ZugOmvHhl1DC0PtF0WBoYv\ncm/Z8Ma4W/c6mnsmnwB175ZQ6vAL5lPR9RmwMQUffiMFaS/7QJWIptrCYAfhJcvX\nrHUv/LtyWbdrQSXIF+5xzjndIqdQqWnwclvSnS/Z+kGC3qdDCAIFqr/XLj4mVOpE\nAnseGvaWaGIEj6QijPPh4ewO97hZkGmXhmEZi3yEYJz7AO9LMgV3ec+ujiw0cLTu\nSNLBAoIBAB6XgcOKlyLg3HZ0Ew5SQce3Nr5WF9Mw/rzNbsgNiL6DYVvZlIlxisdF\n0hrL8y8ky0oOJN/LEXmvfia9fxq8zrvPiX5hMTHvjoDIlAsgFDjcP32hVvOQZOl6\njIyLc6ANnKvqmUjDVcy0d8IqSd7s4bJr0Bzw/RgLCLeJOY2JOHlDn3O1ZR4e99wQ\npjntuob8+9PBcYxTTNwthwkRT2613x/75Hs+a5hErS7R1k0Uyz9o08ipC4EiEKQp\nSXoOVeVietH31mfrr3UBEBGX//2amkI3wtd7qwWKNylc2ik1jb0my1CT1TD7RM8i\ndfueXxwUI/rc0slEr27aB4vua2GqgJcCggEBALMTsBOv96x3o/1o9mIRHwKqOCBg\nYXxAQaryd/GNp0HaHktJxAVvT2YNsv3z2AJi8GJTZncxQRGM3F1zvaKJkZxSbs0h\ngT6tdhgqEhhNPkt6L/CjhP/wHwcPSaFqntyyp/D9i8sn4KEiQ8therDTJUBAA1WS\nRedHQp/GJQ23TpfBCsgs+u70jVtZevzIoteI8dCjapnTbJWYDzLcP22iWJZ0V+WS\nXOGXmnbjL7DlnrvgIWZsspoFYAL51mpsoS41HG57bofINQSjlIPPlR2N6Gm7XCCW\n0UE6oYz2HNBHuKm3yl+IhSOI6kzJmJpIrBWDOAGsKqA6vcUVuBBGWmtk5Cw=\n-----END RSA PRIVATE KEY-----\n",
            "public_key_fingerprint_md5": "62:c1:9b:75:e1:f8:71:bc:ac:6f:13:cb:02:50:02:45",
            "public_key_openssh": "ssh-rsa AAAAB3NzaC1yc2EAAAADAQABAAACAQDNbXbXDkPKrLaZcvMRMAH7pC7MmTEKpUfMqraJhGF6Rn2s0uUhS1gT+NiyhvCQaxeDbBH5acSqb/jWPK/K7ht9JEa59gqksdyHYTJCyCIKoX+3ju21f770eFVV2VxuNeVAnINxJv5cLTiRhulYse8CAdnyWZizLWoqFodAbdc+TY/x/Y8P5SltIYAxWp2znYKqH0aiunLribnzNZpK65/jYuZqiOtxpYnsDpaGZ0XB04gsqzXgqFCJ8UBBqGUxLktKJbouVYIi7S/+4tfkHYeuZPTKvIvxjX01mDVJrAc+s023wOAbdx0ce5+nKmIP2PGDm1GsT9jfi5H7tdkoC1p6BJ/uvc46zvw2D6PhN0mkYWd1nVdT+2DbGDzJSpjn5rej/zaGnvsdT9X1Ced4CdSb6SyazxQSgG2wc0fXfuj+Rpij+qBqAnhUaV5ZLdVzpSqSu1OB5i2EC9u1LJGd/pih9JNuvHq+tGsvJxkahPVr0wW8bkOiO4m4UjlOJxFZx5Z2bByxuZ+B7J4aEFZ2ksXg/e5ZB3P3e8rA+vvTszFLC58NOkE1cXed3zRCVlKDbhLLYizW4esCSxObUw6wx10ElwBqXJI916RHD3QG6jNmLN1pyvMcPV8WPDZ02OSb+QrPjmPP0swn9AS7vYBZm+mVdndTDdy5HUf5fa6wSi6elw==\n",
            "public_key_pem": "-----BEGIN PUBLIC KEY-----\nMIICIjANBgkqhkiG9w0BAQEFAAOCAg8AMIICCgKCAgEAzW121w5Dyqy2mXLzETAB\n+6QuzJkxCqVHzKq2iYRhekZ9rNLlIUtYE/jYsobwkGsXg2wR+WnEqm/41jyvyu4b\nfSRGufYKpLHch2EyQsgiCqF/t47ttX++9HhVVdlcbjXlQJyDcSb+XC04kYbpWLHv\nAgHZ8lmYsy1qKhaHQG3XPk2P8f2PD+UpbSGAMVqds52Cqh9Gorpy64m58zWaSuuf\n42LmaojrcaWJ7A6WhmdFwdOILKs14KhQifFAQahlMS5LSiW6LlWCIu0v/uLX5B2H\nrmT0yryL8Y19NZg1SawHPrNNt8DgG3cdHHufpypiD9jxg5tRrE/Y34uR+7XZKAta\negSf7r3OOs78Ng+j4TdJpGFndZ1XU/tg2xg8yUqY5+a3o/82hp77HU/V9QnneAnU\nm+ksms8UEoBtsHNH137o/kaYo/qgagJ4VGleWS3Vc6UqkrtTgeYthAvbtSyRnf6Y\nofSTbrx6vrRrLycZGoT1a9MFvG5DojuJuFI5TicRWceWdmwcsbmfgeyeGhBWdpLF\n4P3uWQdz93vKwPr707MxSwufDTpBNXF3nd80QlZSg24Sy2Is1uHrAksTm1MOsMdd\nBJcAalySPdekRw90BuozZizdacrzHD1fFjw2dNjkm/kKz45jz9LMJ/QEu72AWZvp\nlXZ3Uw3cuR1H+X2usEounpcCAwEAAQ==\n-----END PUBLIC KEY-----\n",
            "rsa_bits": 4096
          },
          "sensitive_attributes": [],
          "private": "bnVsbA=="
        }
      ]
    }
  ]
}
